{
  "name": "server",
  "lockfileVersion": 3,
  "requires": true,
  "packages": {
    "": {
      "dependencies": {
        "cityline-bank-demo-api": "file:.."
      }
    },
    "..": {
      "name": "cityline-bank-demo-api",
      "version": "1.0.0",
      "dependencies": {
        "cors": "^2.8.5",
        "express": "^4.21.0",
        "mysql2": "^3.14.2",
        "nodemailer": "^6.10.1"
      }
    },
    "node_modules/cityline-bank-demo-api": {
      "resolved": "..",
      "link": true
    }
  }
}
